
Microsoft Visual Studio Solution File, Format Version 12.00
# Visual Studio Version 17
VisualStudioVersion = 17.14.36310.24 d17.14
MinimumVisualStudioVersion = 10.0.40219.1
Project("{FAE04EC0-301F-11D3-BF4B-00C04F79EFBC}") = "TriangulosObjetos", "TriangulosObjetos\TriangulosObjetos.csproj", "{DF5D2FCA-2372-46BB-9B42-C3C9366A78EE}"
EndProject
Global
	GlobalSection(SolutionConfigurationPlatforms) = preSolution
		Debug|Any CPU = Debug|Any CPU
		Release|Any CPU = Release|Any CPU
	EndGlobalSection
	GlobalSection(ProjectConfigurationPlatforms) = postSolution
		{DF5D2FCA-2372-46BB-9B42-C3C9366A78EE}.Debug|Any CPU.ActiveCfg = Debug|Any CPU
		{DF5D2FCA-2372-46BB-9B42-C3C9366A78EE}.Debug|Any CPU.Build.0 = Debug|Any CPU
		{DF5D2FCA-2372-46BB-9B42-C3C9366A78EE}.Release|Any CPU.ActiveCfg = Release|Any CPU
		{DF5D2FCA-2372-46BB-9B42-C3C9366A78EE}.Release|Any CPU.Build.0 = Release|Any CPU
	EndGlobalSection
	GlobalSection(SolutionProperties) = preSolution
		HideSolutionNode = FALSE
	EndGlobalSection
	GlobalSection(ExtensibilityGlobals) = postSolution
		SolutionGuid = {FD194DEA-8EE6-4BFD-ABAC-C42D090DCAD6}
	EndGlobalSection
EndGlobal
