
Microsoft Visual Studio Solution File, Format Version 12.00
# Visual Studio Version 17
VisualStudioVersion = 17.14.36310.24 d17.14
MinimumVisualStudioVersion = 10.0.40219.1
Project("{FAE04EC0-301F-11D3-BF4B-00C04F79EFBC}") = "ExeObj", "ExeObj\ExeObj.csproj", "{06017D65-6A48-4681-9C51-C1D50A66315F}"
EndProject
Global
	GlobalSection(SolutionConfigurationPlatforms) = preSolution
		Debug|Any CPU = Debug|Any CPU
		Release|Any CPU = Release|Any CPU
	EndGlobalSection
	GlobalSection(ProjectConfigurationPlatforms) = postSolution
		{06017D65-6A48-4681-9C51-C1D50A66315F}.Debug|Any CPU.ActiveCfg = Debug|Any CPU
		{06017D65-6A48-4681-9C51-C1D50A66315F}.Debug|Any CPU.Build.0 = Debug|Any CPU
		{06017D65-6A48-4681-9C51-C1D50A66315F}.Release|Any CPU.ActiveCfg = Release|Any CPU
		{06017D65-6A48-4681-9C51-C1D50A66315F}.Release|Any CPU.Build.0 = Release|Any CPU
	EndGlobalSection
	GlobalSection(SolutionProperties) = preSolution
		HideSolutionNode = FALSE
	EndGlobalSection
	GlobalSection(ExtensibilityGlobals) = postSolution
		SolutionGuid = {94F6165E-9EF1-46C9-A6BD-7B36D562C0F9}
	EndGlobalSection
EndGlobal
