
Microsoft Visual Studio Solution File, Format Version 12.00
# Visual Studio Version 17
VisualStudioVersion = 17.14.36310.24 d17.14
MinimumVisualStudioVersion = 10.0.40219.1
Project("{FAE04EC0-301F-11D3-BF4B-00C04F79EFBC}") = "SistemaBanco", "SistemaBanco.csproj", "{36860603-EBDB-4251-984E-128BEE9C469F}"
EndProject
Global
	GlobalSection(SolutionConfigurationPlatforms) = preSolution
		Debug|Any CPU = Debug|Any CPU
		Release|Any CPU = Release|Any CPU
	EndGlobalSection
	GlobalSection(ProjectConfigurationPlatforms) = postSolution
		{36860603-EBDB-4251-984E-128BEE9C469F}.Debug|Any CPU.ActiveCfg = Debug|Any CPU
		{36860603-EBDB-4251-984E-128BEE9C469F}.Debug|Any CPU.Build.0 = Debug|Any CPU
		{36860603-EBDB-4251-984E-128BEE9C469F}.Release|Any CPU.ActiveCfg = Release|Any CPU
		{36860603-EBDB-4251-984E-128BEE9C469F}.Release|Any CPU.Build.0 = Release|Any CPU
	EndGlobalSection
	GlobalSection(SolutionProperties) = preSolution
		HideSolutionNode = FALSE
	EndGlobalSection
	GlobalSection(ExtensibilityGlobals) = postSolution
		SolutionGuid = {CB5DDD13-365C-4D5F-A1FB-4B455DF7932D}
	EndGlobalSection
EndGlobal
