
Microsoft Visual Studio Solution File, Format Version 12.00
# Visual Studio Version 17
VisualStudioVersion = 17.14.36310.24
MinimumVisualStudioVersion = 10.0.40219.1
Project("{FAE04EC0-301F-11D3-BF4B-00C04F79EFBC}") = "SistemaLogin", "SistemaLogin.csproj", "{550391C7-2AAF-488F-9015-22D8CE6FDF92}"
EndProject
Global
	GlobalSection(SolutionConfigurationPlatforms) = preSolution
		Debug|Any CPU = Debug|Any CPU
		Release|Any CPU = Release|Any CPU
	EndGlobalSection
	GlobalSection(ProjectConfigurationPlatforms) = postSolution
		{550391C7-2AAF-488F-9015-22D8CE6FDF92}.Debug|Any CPU.ActiveCfg = Debug|Any CPU
		{550391C7-2AAF-488F-9015-22D8CE6FDF92}.Debug|Any CPU.Build.0 = Debug|Any CPU
		{550391C7-2AAF-488F-9015-22D8CE6FDF92}.Release|Any CPU.ActiveCfg = Release|Any CPU
		{550391C7-2AAF-488F-9015-22D8CE6FDF92}.Release|Any CPU.Build.0 = Release|Any CPU
	EndGlobalSection
	GlobalSection(SolutionProperties) = preSolution
		HideSolutionNode = FALSE
	EndGlobalSection
	GlobalSection(ExtensibilityGlobals) = postSolution
		SolutionGuid = {E4D7BD1B-2AB7-4D2F-A213-D9895EA2FDEE}
	EndGlobalSection
EndGlobal
