
Microsoft Visual Studio Solution File, Format Version 12.00
# Visual Studio Version 17
VisualStudioVersion = 17.14.36310.24 d17.14
MinimumVisualStudioVersion = 10.0.40219.1
Project("{FAE04EC0-301F-11D3-BF4B-00C04F79EFBC}") = "Hotel", "Hotel.csproj", "{D7CC0EC0-6E8A-44D9-AF9A-974FFDE571CC}"
EndProject
Global
	GlobalSection(SolutionConfigurationPlatforms) = preSolution
		Debug|Any CPU = Debug|Any CPU
		Release|Any CPU = Release|Any CPU
	EndGlobalSection
	GlobalSection(ProjectConfigurationPlatforms) = postSolution
		{D7CC0EC0-6E8A-44D9-AF9A-974FFDE571CC}.Debug|Any CPU.ActiveCfg = Debug|Any CPU
		{D7CC0EC0-6E8A-44D9-AF9A-974FFDE571CC}.Debug|Any CPU.Build.0 = Debug|Any CPU
		{D7CC0EC0-6E8A-44D9-AF9A-974FFDE571CC}.Release|Any CPU.ActiveCfg = Release|Any CPU
		{D7CC0EC0-6E8A-44D9-AF9A-974FFDE571CC}.Release|Any CPU.Build.0 = Release|Any CPU
	EndGlobalSection
	GlobalSection(SolutionProperties) = preSolution
		HideSolutionNode = FALSE
	EndGlobalSection
	GlobalSection(ExtensibilityGlobals) = postSolution
		SolutionGuid = {64907DD9-B091-4C10-923E-CF3A2758FD69}
	EndGlobalSection
EndGlobal
